{
  "name": "my-first-server",
  "version": "1.0.0",
  "lockfileVersion": 3,
  "requires": true,
  "packages": {
    "": {
      "name": "my-first-server",
      "version": "1.0.0",
      "license": "ISC",
      "dependencies": {
        "http": "^0.0.1-security",
        "js-confetti": "^0.13.1"
      }
    },
    "node_modules/http": {
      "version": "0.0.1-security",
      "resolved": "https://registry.npmjs.org/http/-/http-0.0.1-security.tgz",
      "integrity": "sha512-RnDvP10Ty9FxqOtPZuxtebw1j4L/WiqNMDtuc1YMH1XQm5TgDRaR1G9u8upL6KD1bXHSp9eSXo/ED+8Q7FAr+g=="
    },
    "node_modules/js-confetti": {
      "version": "0.13.1",
      "resolved": "https://registry.npmjs.org/js-confetti/-/js-confetti-0.13.1.tgz",
      "integrity": "sha512-Kau3apum0zYIvELfZv0lL5VY7dvzpbKi4Oq0XdfjDKdNZc/O+IeGRyLEej7GJ/1APbASvb+ZTWDxmTxxSFkTOg==",
      "license": "MIT"
    }
  }
}
